// !$*UTF8*$!
{
	archiveVersion = 1;
	classes = {
	};
	objectVersion = 55;
	objects = {

/* Begin PBXBuildFile section */
		335AD97127BD68EC00194E9C /* HomeView.swift in Sources */ = {isa = PBXBuildFile; fileRef = 335AD97027BD68EC00194E9C /* HomeView.swift */; };
		335AD97327BD68FA00194E9C /* HomeViewController.swift in Sources */ = {isa = PBXBuildFile; fileRef = 335AD97227BD68FA00194E9C /* HomeViewController.swift */; };
		335AD97527BD690800194E9C /* HomeViewModel.swift in Sources */ = {isa = PBXBuildFile; fileRef = 335AD97427BD690800194E9C /* HomeViewModel.swift */; };
		335AD97727BD691400194E9C /* MyStocksView.swift in Sources */ = {isa = PBXBuildFile; fileRef = 335AD97627BD691400194E9C /* MyStocksView.swift */; };
		335AD97927BD692000194E9C /* MyStocksViewModel.swift in Sources */ = {isa = PBXBuildFile; fileRef = 335AD97827BD692000194E9C /* MyStocksViewModel.swift */; };
		335AD97B27BD692A00194E9C /* MyStocksViewController.swift in Sources */ = {isa = PBXBuildFile; fileRef = 335AD97A27BD692A00194E9C /* MyStocksViewController.swift */; };
		335AD97D27BD694000194E9C /* StockDetailsView.swift in Sources */ = {isa = PBXBuildFile; fileRef = 335AD97C27BD694000194E9C /* StockDetailsView.swift */; };
		335AD97F27BD694A00194E9C /* StocksDetailsViewModel.swift in Sources */ = {isa = PBXBuildFile; fileRef = 335AD97E27BD694A00194E9C /* StocksDetailsViewModel.swift */; };
		335AD98127BD695500194E9C /* StockDetailsViewController.swift in Sources */ = {isa = PBXBuildFile; fileRef = 335AD98027BD695500194E9C /* StockDetailsViewController.swift */; };
		335AD98727BD6B6C00194E9C /* BaseView.swift in Sources */ = {isa = PBXBuildFile; fileRef = 335AD98627BD6B6C00194E9C /* BaseView.swift */; };
		335AD98927BD6B9500194E9C /* BaseViewController.swift in Sources */ = {isa = PBXBuildFile; fileRef = 335AD98827BD6B9500194E9C /* BaseViewController.swift */; };
		335AD98B27BD6BBE00194E9C /* ViewModel.swift in Sources */ = {isa = PBXBuildFile; fileRef = 335AD98A27BD6BBE00194E9C /* ViewModel.swift */; };
		335AD98E27BD6EE400194E9C /* TabbarViewController.swift in Sources */ = {isa = PBXBuildFile; fileRef = 335AD98D27BD6EE400194E9C /* TabbarViewController.swift */; };
		335AD99027BE800D00194E9C /* Extension+UIColor.swift in Sources */ = {isa = PBXBuildFile; fileRef = 335AD98F27BE800D00194E9C /* Extension+UIColor.swift */; };
		335AD99227BE806200194E9C /* Extension+CGFloat.swift in Sources */ = {isa = PBXBuildFile; fileRef = 335AD99127BE806200194E9C /* Extension+CGFloat.swift */; };
		335AD99427BE883100194E9C /* SceneDelegate.swift in Sources */ = {isa = PBXBuildFile; fileRef = 335AD99327BE883100194E9C /* SceneDelegate.swift */; };
		335AD99627BE94ED00194E9C /* Extension+SnapKit.swift in Sources */ = {isa = PBXBuildFile; fileRef = 335AD99527BE94ED00194E9C /* Extension+SnapKit.swift */; };
		335AD99927BEA21000194E9C /* StockModel.swift in Sources */ = {isa = PBXBuildFile; fileRef = 335AD99827BEA21000194E9C /* StockModel.swift */; };
		335AD99B27BEA46B00194E9C /* Extension+UIView.swift in Sources */ = {isa = PBXBuildFile; fileRef = 335AD99A27BEA46B00194E9C /* Extension+UIView.swift */; };
		335AD99D27BEA4C200194E9C /* Extension+UIViewController.swift in Sources */ = {isa = PBXBuildFile; fileRef = 335AD99C27BEA4C200194E9C /* Extension+UIViewController.swift */; };
		335AD99F27BEA84400194E9C /* StockTableViewCell.swift in Sources */ = {isa = PBXBuildFile; fileRef = 335AD99E27BEA84400194E9C /* StockTableViewCell.swift */; };
		335AD9A227C016B700194E9C /* Router.swift in Sources */ = {isa = PBXBuildFile; fileRef = 335AD9A127C016B700194E9C /* Router.swift */; };
		335AD9A427C01B0800194E9C /* Constants.swift in Sources */ = {isa = PBXBuildFile; fileRef = 335AD9A327C01B0800194E9C /* Constants.swift */; };
		335AD9A727C01CF300194E9C /* ApiManager.swift in Sources */ = {isa = PBXBuildFile; fileRef = 335AD9A627C01CF300194E9C /* ApiManager.swift */; };
		335AD9AB27C154BA00194E9C /* StockNewsModel.swift in Sources */ = {isa = PBXBuildFile; fileRef = 335AD9AA27C154BA00194E9C /* StockNewsModel.swift */; };
		335AD9AD27C15F3300194E9C /* StockNewsTableViewCell.swift in Sources */ = {isa = PBXBuildFile; fileRef = 335AD9AC27C15F3300194E9C /* StockNewsTableViewCell.swift */; };
		33A202CD27BD60E00012976A /* AppDelegate.swift in Sources */ = {isa = PBXBuildFile; fileRef = 33A202CC27BD60E00012976A /* AppDelegate.swift */; };
		33A202D127BD60E00012976A /* ViewController.swift in Sources */ = {isa = PBXBuildFile; fileRef = 33A202D027BD60E00012976A /* ViewController.swift */; };
		33A202D427BD60E00012976A /* Main.storyboard in Resources */ = {isa = PBXBuildFile; fileRef = 33A202D227BD60E00012976A /* Main.storyboard */; };
		33A202D727BD60E00012976A /* StockViewer.xcdatamodeld in Sources */ = {isa = PBXBuildFile; fileRef = 33A202D527BD60E00012976A /* StockViewer.xcdatamodeld */; };
		33A202D927BD60E30012976A /* Assets.xcassets in Resources */ = {isa = PBXBuildFile; fileRef = 33A202D827BD60E30012976A /* Assets.xcassets */; };
		33A202DC27BD60E30012976A /* LaunchScreen.storyboard in Resources */ = {isa = PBXBuildFile; fileRef = 33A202DA27BD60E30012976A /* LaunchScreen.storyboard */; };
		6EC079E6F4E5F2B13F832B99 /* Pods_StockViewer.framework in Frameworks */ = {isa = PBXBuildFile; fileRef = CE49FEA8AC3E8C0BA33B9969 /* Pods_StockViewer.framework */; };
/* End PBXBuildFile section */

/* Begin PBXFileReference section */
		26EAB68A399A85D323BBE149 /* Pods-StockViewer.debug.xcconfig */ = {isa = PBXFileReference; includeInIndex = 1; lastKnownFileType = text.xcconfig; name = "Pods-StockViewer.debug.xcconfig"; path = "Target Support Files/Pods-StockViewer/Pods-StockViewer.debug.xcconfig"; sourceTree = "<group>"; };
		335AD97027BD68EC00194E9C /* HomeView.swift */ = {isa = PBXFileReference; lastKnownFileType = sourcecode.swift; path = HomeView.swift; sourceTree = "<group>"; };
		335AD97227BD68FA00194E9C /* HomeViewController.swift */ = {isa = PBXFileReference; lastKnownFileType = sourcecode.swift; path = HomeViewController.swift; sourceTree = "<group>"; };
		335AD97427BD690800194E9C /* HomeViewModel.swift */ = {isa = PBXFileReference; lastKnownFileType = sourcecode.swift; path = HomeViewModel.swift; sourceTree = "<group>"; };
		335AD97627BD691400194E9C /* MyStocksView.swift */ = {isa = PBXFileReference; lastKnownFileType = sourcecode.swift; path = MyStocksView.swift; sourceTree = "<group>"; };
		335AD97827BD692000194E9C /* MyStocksViewModel.swift */ = {isa = PBXFileReference; lastKnownFileType = sourcecode.swift; path = MyStocksViewModel.swift; sourceTree = "<group>"; };
		335AD97A27BD692A00194E9C /* MyStocksViewController.swift */ = {isa = PBXFileReference; lastKnownFileType = sourcecode.swift; path = MyStocksViewController.swift; sourceTree = "<group>"; };
		335AD97C27BD694000194E9C /* StockDetailsView.swift */ = {isa = PBXFileReference; lastKnownFileType = sourcecode.swift; path = StockDetailsView.swift; sourceTree = "<group>"; };
		335AD97E27BD694A00194E9C /* StocksDetailsViewModel.swift */ = {isa = PBXFileReference; lastKnownFileType = sourcecode.swift; path = StocksDetailsViewModel.swift; sourceTree = "<group>"; };
		335AD98027BD695500194E9C /* StockDetailsViewController.swift */ = {isa = PBXFileReference; lastKnownFileType = sourcecode.swift; path = StockDetailsViewController.swift; sourceTree = "<group>"; };
		335AD98627BD6B6C00194E9C /* BaseView.swift */ = {isa = PBXFileReference; lastKnownFileType = sourcecode.swift; path = BaseView.swift; sourceTree = "<group>"; };
		335AD98827BD6B9500194E9C /* BaseViewController.swift */ = {isa = PBXFileReference; lastKnownFileType = sourcecode.swift; path = BaseViewController.swift; sourceTree = "<group>"; };
		335AD98A27BD6BBE00194E9C /* ViewModel.swift */ = {isa = PBXFileReference; lastKnownFileType = sourcecode.swift; path = ViewModel.swift; sourceTree = "<group>"; };
		335AD98D27BD6EE400194E9C /* TabbarViewController.swift */ = {isa = PBXFileReference; lastKnownFileType = sourcecode.swift; path = TabbarViewController.swift; sourceTree = "<group>"; };
		335AD98F27BE800D00194E9C /* Extension+UIColor.swift */ = {isa = PBXFileReference; lastKnownFileType = sourcecode.swift; path = "Extension+UIColor.swift"; sourceTree = "<group>"; };
		335AD99127BE806200194E9C /* Extension+CGFloat.swift */ = {isa = PBXFileReference; lastKnownFileType = sourcecode.swift; path = "Extension+CGFloat.swift"; sourceTree = "<group>"; };
		335AD99327BE883100194E9C /* SceneDelegate.swift */ = {isa = PBXFileReference; fileEncoding = 4; lastKnownFileType = sourcecode.swift; path = SceneDelegate.swift; sourceTree = "<group>"; };
		335AD99527BE94ED00194E9C /* Extension+SnapKit.swift */ = {isa = PBXFileReference; lastKnownFileType = sourcecode.swift; path = "Extension+SnapKit.swift"; sourceTree = "<group>"; };
		335AD99827BEA21000194E9C /* StockModel.swift */ = {isa = PBXFileReference; lastKnownFileType = sourcecode.swift; path = StockModel.swift; sourceTree = "<group>"; };
		335AD99A27BEA46B00194E9C /* Extension+UIView.swift */ = {isa = PBXFileReference; lastKnownFileType = sourcecode.swift; path = "Extension+UIView.swift"; sourceTree = "<group>"; };
		335AD99C27BEA4C200194E9C /* Extension+UIViewController.swift */ = {isa = PBXFileReference; lastKnownFileType = sourcecode.swift; path = "Extension+UIViewController.swift"; sourceTree = "<group>"; };
		335AD99E27BEA84400194E9C /* StockTableViewCell.swift */ = {isa = PBXFileReference; lastKnownFileType = sourcecode.swift; path = StockTableViewCell.swift; sourceTree = "<group>"; };
		335AD9A127C016B700194E9C /* Router.swift */ = {isa = PBXFileReference; lastKnownFileType = sourcecode.swift; path = Router.swift; sourceTree = "<group>"; };
		335AD9A327C01B0800194E9C /* Constants.swift */ = {isa = PBXFileReference; lastKnownFileType = sourcecode.swift; path = Constants.swift; sourceTree = "<group>"; };
		335AD9A627C01CF300194E9C /* ApiManager.swift */ = {isa = PBXFileReference; lastKnownFileType = sourcecode.swift; path = ApiManager.swift; sourceTree = "<group>"; };
		335AD9AA27C154BA00194E9C /* StockNewsModel.swift */ = {isa = PBXFileReference; lastKnownFileType = sourcecode.swift; path = StockNewsModel.swift; sourceTree = "<group>"; };
		335AD9AC27C15F3300194E9C /* StockNewsTableViewCell.swift */ = {isa = PBXFileReference; lastKnownFileType = sourcecode.swift; path = StockNewsTableViewCell.swift; sourceTree = "<group>"; };
		33A202C927BD60E00012976A /* StockViewer.app */ = {isa = PBXFileReference; explicitFileType = wrapper.application; includeInIndex = 0; path = StockViewer.app; sourceTree = BUILT_PRODUCTS_DIR; };
		33A202CC27BD60E00012976A /* AppDelegate.swift */ = {isa = PBXFileReference; lastKnownFileType = sourcecode.swift; path = AppDelegate.swift; sourceTree = "<group>"; };
		33A202D027BD60E00012976A /* ViewController.swift */ = {isa = PBXFileReference; lastKnownFileType = sourcecode.swift; path = ViewController.swift; sourceTree = "<group>"; };
		33A202D327BD60E00012976A /* Base */ = {isa = PBXFileReference; lastKnownFileType = file.storyboard; name = Base; path = Base.lproj/Main.storyboard; sourceTree = "<group>"; };
		33A202D627BD60E00012976A /* StockViewer.xcdatamodel */ = {isa = PBXFileReference; lastKnownFileType = wrapper.xcdatamodel; path = StockViewer.xcdatamodel; sourceTree = "<group>"; };
		33A202D827BD60E30012976A /* Assets.xcassets */ = {isa = PBXFileReference; lastKnownFileType = folder.assetcatalog; path = Assets.xcassets; sourceTree = "<group>"; };
		33A202DB27BD60E30012976A /* Base */ = {isa = PBXFileReference; lastKnownFileType = file.storyboard; name = Base; path = Base.lproj/LaunchScreen.storyboard; sourceTree = "<group>"; };
		33A202DD27BD60E30012976A /* Info.plist */ = {isa = PBXFileReference; lastKnownFileType = text.plist.xml; path = Info.plist; sourceTree = "<group>"; };
		CA87D22438560642BC97E87B /* Pods-StockViewer.release.xcconfig */ = {isa = PBXFileReference; includeInIndex = 1; lastKnownFileType = text.xcconfig; name = "Pods-StockViewer.release.xcconfig"; path = "Target Support Files/Pods-StockViewer/Pods-StockViewer.release.xcconfig"; sourceTree = "<group>"; };
		CE49FEA8AC3E8C0BA33B9969 /* Pods_StockViewer.framework */ = {isa = PBXFileReference; explicitFileType = wrapper.framework; includeInIndex = 0; path = Pods_StockViewer.framework; sourceTree = BUILT_PRODUCTS_DIR; };
/* End PBXFileReference section */

/* Begin PBXFrameworksBuildPhase section */
		33A202C627BD60E00012976A /* Frameworks */ = {
			isa = PBXFrameworksBuildPhase;
			buildActionMask = 2147483647;
			files = (
				6EC079E6F4E5F2B13F832B99 /* Pods_StockViewer.framework in Frameworks */,
			);
			runOnlyForDeploymentPostprocessing = 0;
		};
/* End PBXFrameworksBuildPhase section */

/* Begin PBXGroup section */
		082AD930CCC370F9AF3B0B90 /* Frameworks */ = {
			isa = PBXGroup;
			children = (
				CE49FEA8AC3E8C0BA33B9969 /* Pods_StockViewer.framework */,
			);
			name = Frameworks;
			sourceTree = "<group>";
		};
		335AD96827BD65B400194E9C /* Application */ = {
			isa = PBXGroup;
			children = (
				33A202CC27BD60E00012976A /* AppDelegate.swift */,
				335AD99327BE883100194E9C /* SceneDelegate.swift */,
			);
			path = Application;
			sourceTree = "<group>";
		};
		335AD96927BD65BC00194E9C /* BussinessLogic */ = {
			isa = PBXGroup;
			children = (
				335AD99727BEA1FE00194E9C /* Models */,
			);
			path = BussinessLogic;
			sourceTree = "<group>";
		};
		335AD96A27BD65D000194E9C /* Core */ = {
			isa = PBXGroup;
			children = (
				335AD98527BD6A4A00194E9C /* Helpers */,
				335AD98427BD6A3E00194E9C /* Extensions */,
				335AD98327BD6A3200194E9C /* Views */,
				335AD98227BD698300194E9C /* Base */,
			);
			path = Core;
			sourceTree = "<group>";
		};
		335AD96B27BD65DC00194E9C /* Presentation */ = {
			isa = PBXGroup;
			children = (
				335AD98C27BD6EB700194E9C /* TabBarController */,
				335AD96F27BD685100194E9C /* MyStocks */,
				335AD96E27BD684600194E9C /* HomeStocks */,
				335AD96D27BD683A00194E9C /* StockDetail */,
			);
			path = Presentation;
			sourceTree = "<group>";
		};
		335AD96C27BD65E600194E9C /* Resources */ = {
			isa = PBXGroup;
			children = (
				33A202D827BD60E30012976A /* Assets.xcassets */,
			);
			path = Resources;
			sourceTree = "<group>";
		};
		335AD96D27BD683A00194E9C /* StockDetail */ = {
			isa = PBXGroup;
			children = (
				335AD97C27BD694000194E9C /* StockDetailsView.swift */,
				335AD97E27BD694A00194E9C /* StocksDetailsViewModel.swift */,
				335AD98027BD695500194E9C /* StockDetailsViewController.swift */,
			);
			path = StockDetail;
			sourceTree = "<group>";
		};
		335AD96E27BD684600194E9C /* HomeStocks */ = {
			isa = PBXGroup;
			children = (
				335AD97027BD68EC00194E9C /* HomeView.swift */,
				335AD97427BD690800194E9C /* HomeViewModel.swift */,
				335AD97227BD68FA00194E9C /* HomeViewController.swift */,
			);
			path = HomeStocks;
			sourceTree = "<group>";
		};
		335AD96F27BD685100194E9C /* MyStocks */ = {
			isa = PBXGroup;
			children = (
				335AD97627BD691400194E9C /* MyStocksView.swift */,
				335AD97827BD692000194E9C /* MyStocksViewModel.swift */,
				335AD97A27BD692A00194E9C /* MyStocksViewController.swift */,
			);
			path = MyStocks;
			sourceTree = "<group>";
		};
		335AD98227BD698300194E9C /* Base */ = {
			isa = PBXGroup;
			children = (
				335AD98627BD6B6C00194E9C /* BaseView.swift */,
				335AD98827BD6B9500194E9C /* BaseViewController.swift */,
				335AD98A27BD6BBE00194E9C /* ViewModel.swift */,
			);
			path = Base;
			sourceTree = "<group>";
		};
		335AD98327BD6A3200194E9C /* Views */ = {
			isa = PBXGroup;
			children = (
				335AD99E27BEA84400194E9C /* StockTableViewCell.swift */,
				335AD9AC27C15F3300194E9C /* StockNewsTableViewCell.swift */,
			);
			path = Views;
			sourceTree = "<group>";
		};
		335AD98427BD6A3E00194E9C /* Extensions */ = {
			isa = PBXGroup;
			children = (
				335AD98F27BE800D00194E9C /* Extension+UIColor.swift */,
				335AD99127BE806200194E9C /* Extension+CGFloat.swift */,
				335AD99527BE94ED00194E9C /* Extension+SnapKit.swift */,
				335AD99A27BEA46B00194E9C /* Extension+UIView.swift */,
				335AD99C27BEA4C200194E9C /* Extension+UIViewController.swift */,
			);
			path = Extensions;
			sourceTree = "<group>";
		};
		335AD98527BD6A4A00194E9C /* Helpers */ = {
			isa = PBXGroup;
			children = (
			);
			path = Helpers;
			sourceTree = "<group>";
		};
		335AD98C27BD6EB700194E9C /* TabBarController */ = {
			isa = PBXGroup;
			children = (
				335AD98D27BD6EE400194E9C /* TabbarViewController.swift */,
			);
			path = TabBarController;
			sourceTree = "<group>";
		};
		335AD99727BEA1FE00194E9C /* Models */ = {
			isa = PBXGroup;
			children = (
				335AD99827BEA21000194E9C /* StockModel.swift */,
				335AD9AA27C154BA00194E9C /* StockNewsModel.swift */,
			);
			path = Models;
			sourceTree = "<group>";
		};
		335AD9A027C016A800194E9C /* Manager */ = {
			isa = PBXGroup;
			children = (
				335AD9A527C01B1400194E9C /* Networking */,
				335AD9A327C01B0800194E9C /* Constants.swift */,
			);
			path = Manager;
			sourceTree = "<group>";
		};
		335AD9A527C01B1400194E9C /* Networking */ = {
			isa = PBXGroup;
			children = (
				335AD9A127C016B700194E9C /* Router.swift */,
				335AD9A627C01CF300194E9C /* ApiManager.swift */,
			);
			path = Networking;
			sourceTree = "<group>";
		};
		33A202C027BD60E00012976A = {
			isa = PBXGroup;
			children = (
				33A202CB27BD60E00012976A /* StockViewer */,
				33A202CA27BD60E00012976A /* Products */,
				5DFE6E2C02364357ED24F32C /* Pods */,
				082AD930CCC370F9AF3B0B90 /* Frameworks */,
			);
			sourceTree = "<group>";
		};
		33A202CA27BD60E00012976A /* Products */ = {
			isa = PBXGroup;
			children = (
				33A202C927BD60E00012976A /* StockViewer.app */,
			);
			name = Products;
			sourceTree = "<group>";
		};
		33A202CB27BD60E00012976A /* StockViewer */ = {
			isa = PBXGroup;
			children = (
				335AD9A027C016A800194E9C /* Manager */,
				335AD96927BD65BC00194E9C /* BussinessLogic */,
				335AD96827BD65B400194E9C /* Application */,
				335AD96A27BD65D000194E9C /* Core */,
				335AD96B27BD65DC00194E9C /* Presentation */,
				335AD96C27BD65E600194E9C /* Resources */,
				33A202D027BD60E00012976A /* ViewController.swift */,
				33A202DD27BD60E30012976A /* Info.plist */,
				33A202D227BD60E00012976A /* Main.storyboard */,
				33A202DA27BD60E30012976A /* LaunchScreen.storyboard */,
				33A202D527BD60E00012976A /* StockViewer.xcdatamodeld */,
			);
			path = StockViewer;
			sourceTree = "<group>";
		};
		5DFE6E2C02364357ED24F32C /* Pods */ = {
			isa = PBXGroup;
			children = (
				26EAB68A399A85D323BBE149 /* Pods-StockViewer.debug.xcconfig */,
				CA87D22438560642BC97E87B /* Pods-StockViewer.release.xcconfig */,
			);
			path = Pods;
			sourceTree = "<group>";
		};
/* End PBXGroup section */

/* Begin PBXNativeTarget section */
		33A202C827BD60E00012976A /* StockViewer */ = {
			isa = PBXNativeTarget;
			buildConfigurationList = 33A202E027BD60E30012976A /* Build configuration list for PBXNativeTarget "StockViewer" */;
			buildPhases = (
				2DD7ABF89B80E32D21098CCD /* [CP] Check Pods Manifest.lock */,
				33A202C527BD60E00012976A /* Sources */,
				33A202C627BD60E00012976A /* Frameworks */,
				33A202C727BD60E00012976A /* Resources */,
				B027F9C95FEBD85184EECE1D /* [CP] Embed Pods Frameworks */,
			);
			buildRules = (
			);
			dependencies = (
			);
			name = StockViewer;
			productName = StockViewer;
			productReference = 33A202C927BD60E00012976A /* StockViewer.app */;
			productType = "com.apple.product-type.application";
		};
/* End PBXNativeTarget section */

/* Begin PBXProject section */
		33A202C127BD60E00012976A /* Project object */ = {
			isa = PBXProject;
			attributes = {
				BuildIndependentTargetsInParallel = 1;
				LastSwiftUpdateCheck = 1320;
				LastUpgradeCheck = 1320;
				TargetAttributes = {
					33A202C827BD60E00012976A = {
						CreatedOnToolsVersion = 13.2.1;
					};
				};
			};
			buildConfigurationList = 33A202C427BD60E00012976A /* Build configuration list for PBXProject "StockViewer" */;
			compatibilityVersion = "Xcode 13.0";
			developmentRegion = en;
			hasScannedForEncodings = 0;
			knownRegions = (
				en,
				Base,
			);
			mainGroup = 33A202C027BD60E00012976A;
			productRefGroup = 33A202CA27BD60E00012976A /* Products */;
			projectDirPath = "";
			projectRoot = "";
			targets = (
				33A202C827BD60E00012976A /* StockViewer */,
			);
		};
/* End PBXProject section */

/* Begin PBXResourcesBuildPhase section */
		33A202C727BD60E00012976A /* Resources */ = {
			isa = PBXResourcesBuildPhase;
			buildActionMask = 2147483647;
			files = (
				33A202DC27BD60E30012976A /* LaunchScreen.storyboard in Resources */,
				33A202D927BD60E30012976A /* Assets.xcassets in Resources */,
				33A202D427BD60E00012976A /* Main.storyboard in Resources */,
			);
			runOnlyForDeploymentPostprocessing = 0;
		};
/* End PBXResourcesBuildPhase section */

/* Begin PBXShellScriptBuildPhase section */
		2DD7ABF89B80E32D21098CCD /* [CP] Check Pods Manifest.lock */ = {
			isa = PBXShellScriptBuildPhase;
			buildActionMask = 2147483647;
			files = (
			);
			inputFileListPaths = (
			);
			inputPaths = (
				"${PODS_PODFILE_DIR_PATH}/Podfile.lock",
				"${PODS_ROOT}/Manifest.lock",
			);
			name = "[CP] Check Pods Manifest.lock";
			outputFileListPaths = (
			);
			outputPaths = (
				"$(DERIVED_FILE_DIR)/Pods-StockViewer-checkManifestLockResult.txt",
			);
			runOnlyForDeploymentPostprocessing = 0;
			shellPath = /bin/sh;
			shellScript = "diff \"${PODS_PODFILE_DIR_PATH}/Podfile.lock\" \"${PODS_ROOT}/Manifest.lock\" > /dev/null\nif [ $? != 0 ] ; then\n    # print error to STDERR\n    echo \"error: The sandbox is not in sync with the Podfile.lock. Run 'pod install' or update your CocoaPods installation.\" >&2\n    exit 1\nfi\n# This output is used by Xcode 'outputs' to avoid re-running this script phase.\necho \"SUCCESS\" > \"${SCRIPT_OUTPUT_FILE_0}\"\n";
			showEnvVarsInLog = 0;
		};
		B027F9C95FEBD85184EECE1D /* [CP] Embed Pods Frameworks */ = {
			isa = PBXShellScriptBuildPhase;
			buildActionMask = 2147483647;
			files = (
			);
			inputFileListPaths = (
				"${PODS_ROOT}/Target Support Files/Pods-StockViewer/Pods-StockViewer-frameworks-${CONFIGURATION}-input-files.xcfilelist",
			);
			name = "[CP] Embed Pods Frameworks";
			outputFileListPaths = (
				"${PODS_ROOT}/Target Support Files/Pods-StockViewer/Pods-StockViewer-frameworks-${CONFIGURATION}-output-files.xcfilelist",
			);
			runOnlyForDeploymentPostprocessing = 0;
			shellPath = /bin/sh;
			shellScript = "\"${PODS_ROOT}/Target Support Files/Pods-StockViewer/Pods-StockViewer-frameworks.sh\"\n";
			showEnvVarsInLog = 0;
		};
/* End PBXShellScriptBuildPhase section */

/* Begin PBXSourcesBuildPhase section */
		33A202C527BD60E00012976A /* Sources */ = {
			isa = PBXSourcesBuildPhase;
			buildActionMask = 2147483647;
			files = (
				335AD99227BE806200194E9C /* Extension+CGFloat.swift in Sources */,
				335AD97F27BD694A00194E9C /* StocksDetailsViewModel.swift in Sources */,
				33A202D127BD60E00012976A /* ViewController.swift in Sources */,
				33A202CD27BD60E00012976A /* AppDelegate.swift in Sources */,
				335AD99B27BEA46B00194E9C /* Extension+UIView.swift in Sources */,
				335AD98127BD695500194E9C /* StockDetailsViewController.swift in Sources */,
				335AD97927BD692000194E9C /* MyStocksViewModel.swift in Sources */,
				335AD9AD27C15F3300194E9C /* StockNewsTableViewCell.swift in Sources */,
				335AD9A427C01B0800194E9C /* Constants.swift in Sources */,
				335AD98927BD6B9500194E9C /* BaseViewController.swift in Sources */,
				335AD98B27BD6BBE00194E9C /* ViewModel.swift in Sources */,
				335AD98E27BD6EE400194E9C /* TabbarViewController.swift in Sources */,
				335AD99F27BEA84400194E9C /* StockTableViewCell.swift in Sources */,
				335AD97527BD690800194E9C /* HomeViewModel.swift in Sources */,
				33A202D727BD60E00012976A /* StockViewer.xcdatamodeld in Sources */,
				335AD97127BD68EC00194E9C /* HomeView.swift in Sources */,
				335AD99027BE800D00194E9C /* Extension+UIColor.swift in Sources */,
				335AD9A727C01CF300194E9C /* ApiManager.swift in Sources */,
				335AD9AB27C154BA00194E9C /* StockNewsModel.swift in Sources */,
				335AD97727BD691400194E9C /* MyStocksView.swift in Sources */,
				335AD97327BD68FA00194E9C /* HomeViewController.swift in Sources */,
				335AD98727BD6B6C00194E9C /* BaseView.swift in Sources */,
				335AD99627BE94ED00194E9C /* Extension+SnapKit.swift in Sources */,
				335AD99927BEA21000194E9C /* StockModel.swift in Sources */,
				335AD99427BE883100194E9C /* SceneDelegate.swift in Sources */,
				335AD9A227C016B700194E9C /* Router.swift in Sources */,
				335AD97D27BD694000194E9C /* StockDetailsView.swift in Sources */,
				335AD99D27BEA4C200194E9C /* Extension+UIViewController.swift in Sources */,
				335AD97B27BD692A00194E9C /* MyStocksViewController.swift in Sources */,
			);
			runOnlyForDeploymentPostprocessing = 0;
		};
/* End PBXSourcesBuildPhase section */

/* Begin PBXVariantGroup section */
		33A202D227BD60E00012976A /* Main.storyboard */ = {
			isa = PBXVariantGroup;
			children = (
				33A202D327BD60E00012976A /* Base */,
			);
			name = Main.storyboard;
			sourceTree = "<group>";
		};
		33A202DA27BD60E30012976A /* LaunchScreen.storyboard */ = {
			isa = PBXVariantGroup;
			children = (
				33A202DB27BD60E30012976A /* Base */,
			);
			name = LaunchScreen.storyboard;
			sourceTree = "<group>";
		};
/* End PBXVariantGroup section */

/* Begin XCBuildConfiguration section */
		33A202DE27BD60E30012976A /* Debug */ = {
			isa = XCBuildConfiguration;
			buildSettings = {
				ALWAYS_SEARCH_USER_PATHS = NO;
				CLANG_ANALYZER_NONNULL = YES;
				CLANG_ANALYZER_NUMBER_OBJECT_CONVERSION = YES_AGGRESSIVE;
				CLANG_CXX_LANGUAGE_STANDARD = "gnu++17";
				CLANG_CXX_LIBRARY = "libc++";
				CLANG_ENABLE_MODULES = YES;
				CLANG_ENABLE_OBJC_ARC = YES;
				CLANG_ENABLE_OBJC_WEAK = YES;
				CLANG_WARN_BLOCK_CAPTURE_AUTORELEASING = YES;
				CLANG_WARN_BOOL_CONVERSION = YES;
				CLANG_WARN_COMMA = YES;
				CLANG_WARN_CONSTANT_CONVERSION = YES;
				CLANG_WARN_DEPRECATED_OBJC_IMPLEMENTATIONS = YES;
				CLANG_WARN_DIRECT_OBJC_ISA_USAGE = YES_ERROR;
				CLANG_WARN_DOCUMENTATION_COMMENTS = YES;
				CLANG_WARN_EMPTY_BODY = YES;
				CLANG_WARN_ENUM_CONVERSION = YES;
				CLANG_WARN_INFINITE_RECURSION = YES;
				CLANG_WARN_INT_CONVERSION = YES;
				CLANG_WARN_NON_LITERAL_NULL_CONVERSION = YES;
				CLANG_WARN_OBJC_IMPLICIT_RETAIN_SELF = YES;
				CLANG_WARN_OBJC_LITERAL_CONVERSION = YES;
				CLANG_WARN_OBJC_ROOT_CLASS = YES_ERROR;
				CLANG_WARN_QUOTED_INCLUDE_IN_FRAMEWORK_HEADER = YES;
				CLANG_WARN_RANGE_LOOP_ANALYSIS = YES;
				CLANG_WARN_STRICT_PROTOTYPES = YES;
				CLANG_WARN_SUSPICIOUS_MOVE = YES;
				CLANG_WARN_UNGUARDED_AVAILABILITY = YES_AGGRESSIVE;
				CLANG_WARN_UNREACHABLE_CODE = YES;
				CLANG_WARN__DUPLICATE_METHOD_MATCH = YES;
				COPY_PHASE_STRIP = NO;
				DEBUG_INFORMATION_FORMAT = dwarf;
				ENABLE_STRICT_OBJC_MSGSEND = YES;
				ENABLE_TESTABILITY = YES;
				GCC_C_LANGUAGE_STANDARD = gnu11;
				GCC_DYNAMIC_NO_PIC = NO;
				GCC_NO_COMMON_BLOCKS = YES;
				GCC_OPTIMIZATION_LEVEL = 0;
				GCC_PREPROCESSOR_DEFINITIONS = (
					"DEBUG=1",
					"$(inherited)",
				);
				GCC_WARN_64_TO_32_BIT_CONVERSION = YES;
				GCC_WARN_ABOUT_RETURN_TYPE = YES_ERROR;
				GCC_WARN_UNDECLARED_SELECTOR = YES;
				GCC_WARN_UNINITIALIZED_AUTOS = YES_AGGRESSIVE;
				GCC_WARN_UNUSED_FUNCTION = YES;
				GCC_WARN_UNUSED_VARIABLE = YES;
				IPHONEOS_DEPLOYMENT_TARGET = 15.2;
				MTL_ENABLE_DEBUG_INFO = INCLUDE_SOURCE;
				MTL_FAST_MATH = YES;
				ONLY_ACTIVE_ARCH = YES;
				SDKROOT = iphoneos;
				SWIFT_ACTIVE_COMPILATION_CONDITIONS = DEBUG;
				SWIFT_OPTIMIZATION_LEVEL = "-Onone";
			};
			name = Debug;
		};
		33A202DF27BD60E30012976A /* Release */ = {
			isa = XCBuildConfiguration;
			buildSettings = {
				ALWAYS_SEARCH_USER_PATHS = NO;
				CLANG_ANALYZER_NONNULL = YES;
				CLANG_ANALYZER_NUMBER_OBJECT_CONVERSION = YES_AGGRESSIVE;
				CLANG_CXX_LANGUAGE_STANDARD = "gnu++17";
				CLANG_CXX_LIBRARY = "libc++";
				CLANG_ENABLE_MODULES = YES;
				CLANG_ENABLE_OBJC_ARC = YES;
				CLANG_ENABLE_OBJC_WEAK = YES;
				CLANG_WARN_BLOCK_CAPTURE_AUTORELEASING = YES;
				CLANG_WARN_BOOL_CONVERSION = YES;
				CLANG_WARN_COMMA = YES;
				CLANG_WARN_CONSTANT_CONVERSION = YES;
				CLANG_WARN_DEPRECATED_OBJC_IMPLEMENTATIONS = YES;
				CLANG_WARN_DIRECT_OBJC_ISA_USAGE = YES_ERROR;
				CLANG_WARN_DOCUMENTATION_COMMENTS = YES;
				CLANG_WARN_EMPTY_BODY = YES;
				CLANG_WARN_ENUM_CONVERSION = YES;
				CLANG_WARN_INFINITE_RECURSION = YES;
				CLANG_WARN_INT_CONVERSION = YES;
				CLANG_WARN_NON_LITERAL_NULL_CONVERSION = YES;
				CLANG_WARN_OBJC_IMPLICIT_RETAIN_SELF = YES;
				CLANG_WARN_OBJC_LITERAL_CONVERSION = YES;
				CLANG_WARN_OBJC_ROOT_CLASS = YES_ERROR;
				CLANG_WARN_QUOTED_INCLUDE_IN_FRAMEWORK_HEADER = YES;
				CLANG_WARN_RANGE_LOOP_ANALYSIS = YES;
				CLANG_WARN_STRICT_PROTOTYPES = YES;
				CLANG_WARN_SUSPICIOUS_MOVE = YES;
				CLANG_WARN_UNGUARDED_AVAILABILITY = YES_AGGRESSIVE;
				CLANG_WARN_UNREACHABLE_CODE = YES;
				CLANG_WARN__DUPLICATE_METHOD_MATCH = YES;
				COPY_PHASE_STRIP = NO;
				DEBUG_INFORMATION_FORMAT = "dwarf-with-dsym";
				ENABLE_NS_ASSERTIONS = NO;
				ENABLE_STRICT_OBJC_MSGSEND = YES;
				GCC_C_LANGUAGE_STANDARD = gnu11;
				GCC_NO_COMMON_BLOCKS = YES;
				GCC_WARN_64_TO_32_BIT_CONVERSION = YES;
				GCC_WARN_ABOUT_RETURN_TYPE = YES_ERROR;
				GCC_WARN_UNDECLARED_SELECTOR = YES;
				GCC_WARN_UNINITIALIZED_AUTOS = YES_AGGRESSIVE;
				GCC_WARN_UNUSED_FUNCTION = YES;
				GCC_WARN_UNUSED_VARIABLE = YES;
				IPHONEOS_DEPLOYMENT_TARGET = 15.2;
				MTL_ENABLE_DEBUG_INFO = NO;
				MTL_FAST_MATH = YES;
				SDKROOT = iphoneos;
				SWIFT_COMPILATION_MODE = wholemodule;
				SWIFT_OPTIMIZATION_LEVEL = "-O";
				VALIDATE_PRODUCT = YES;
			};
			name = Release;
		};
		33A202E127BD60E30012976A /* Debug */ = {
			isa = XCBuildConfiguration;
			baseConfigurationReference = 26EAB68A399A85D323BBE149 /* Pods-StockViewer.debug.xcconfig */;
			buildSettings = {
				ASSETCATALOG_COMPILER_APPICON_NAME = AppIcon;
				ASSETCATALOG_COMPILER_GLOBAL_ACCENT_COLOR_NAME = AccentColor;
				CODE_SIGN_STYLE = Automatic;
				CURRENT_PROJECT_VERSION = 1;
				DEVELOPMENT_TEAM = Z9U75LX3T5;
				GENERATE_INFOPLIST_FILE = YES;
				INFOPLIST_FILE = StockViewer/Info.plist;
				INFOPLIST_KEY_UIApplicationSupportsIndirectInputEvents = YES;
				INFOPLIST_KEY_UILaunchStoryboardName = LaunchScreen;
				INFOPLIST_KEY_UIMainStoryboardFile = Main;
				INFOPLIST_KEY_UISupportedInterfaceOrientations_iPad = "UIInterfaceOrientationPortrait UIInterfaceOrientationPortraitUpsideDown UIInterfaceOrientationLandscapeLeft UIInterfaceOrientationLandscapeRight";
				INFOPLIST_KEY_UISupportedInterfaceOrientations_iPhone = "UIInterfaceOrientationPortrait UIInterfaceOrientationLandscapeLeft UIInterfaceOrientationLandscapeRight";
				LD_RUNPATH_SEARCH_PATHS = (
					"$(inherited)",
					"@executable_path/Frameworks",
				);
				MARKETING_VERSION = 1.0;
				PRODUCT_BUNDLE_IDENTIFIER = personal.StockViewer;
				PRODUCT_NAME = "$(TARGET_NAME)";
				SWIFT_EMIT_LOC_STRINGS = YES;
				SWIFT_VERSION = 5.0;
				TARGETED_DEVICE_FAMILY = "1,2";
			};
			name = Debug;
		};
		33A202E227BD60E30012976A /* Release */ = {
			isa = XCBuildConfiguration;
			baseConfigurationReference = CA87D22438560642BC97E87B /* Pods-StockViewer.release.xcconfig */;
			buildSettings = {
				ASSETCATALOG_COMPILER_APPICON_NAME = AppIcon;
				ASSETCATALOG_COMPILER_GLOBAL_ACCENT_COLOR_NAME = AccentColor;
				CODE_SIGN_STYLE = Automatic;
				CURRENT_PROJECT_VERSION = 1;
				DEVELOPMENT_TEAM = Z9U75LX3T5;
				GENERATE_INFOPLIST_FILE = YES;
				INFOPLIST_FILE = StockViewer/Info.plist;
				INFOPLIST_KEY_UIApplicationSupportsIndirectInputEvents = YES;
				INFOPLIST_KEY_UILaunchStoryboardName = LaunchScreen;
				INFOPLIST_KEY_UIMainStoryboardFile = Main;
				INFOPLIST_KEY_UISupportedInterfaceOrientations_iPad = "UIInterfaceOrientationPortrait UIInterfaceOrientationPortraitUpsideDown UIInterfaceOrientationLandscapeLeft UIInterfaceOrientationLandscapeRight";
				INFOPLIST_KEY_UISupportedInterfaceOrientations_iPhone = "UIInterfaceOrientationPortrait UIInterfaceOrientationLandscapeLeft UIInterfaceOrientationLandscapeRight";
				LD_RUNPATH_SEARCH_PATHS = (
					"$(inherited)",
					"@executable_path/Frameworks",
				);
				MARKETING_VERSION = 1.0;
				PRODUCT_BUNDLE_IDENTIFIER = personal.StockViewer;
				PRODUCT_NAME = "$(TARGET_NAME)";
				SWIFT_EMIT_LOC_STRINGS = YES;
				SWIFT_VERSION = 5.0;
				TARGETED_DEVICE_FAMILY = "1,2";
			};
			name = Release;
		};
/* End XCBuildConfiguration section */

/* Begin XCConfigurationList section */
		33A202C427BD60E00012976A /* Build configuration list for PBXProject "StockViewer" */ = {
			isa = XCConfigurationList;
			buildConfigurations = (
				33A202DE27BD60E30012976A /* Debug */,
				33A202DF27BD60E30012976A /* Release */,
			);
			defaultConfigurationIsVisible = 0;
			defaultConfigurationName = Release;
		};
		33A202E027BD60E30012976A /* Build configuration list for PBXNativeTarget "StockViewer" */ = {
			isa = XCConfigurationList;
			buildConfigurations = (
				33A202E127BD60E30012976A /* Debug */,
				33A202E227BD60E30012976A /* Release */,
			);
			defaultConfigurationIsVisible = 0;
			defaultConfigurationName = Release;
		};
/* End XCConfigurationList section */

/* Begin XCVersionGroup section */
		33A202D527BD60E00012976A /* StockViewer.xcdatamodeld */ = {
			isa = XCVersionGroup;
			children = (
				33A202D627BD60E00012976A /* StockViewer.xcdatamodel */,
			);
			currentVersion = 33A202D627BD60E00012976A /* StockViewer.xcdatamodel */;
			path = StockViewer.xcdatamodeld;
			sourceTree = "<group>";
			versionGroupType = wrapper.xcdatamodel;
		};
/* End XCVersionGroup section */
	};
	rootObject = 33A202C127BD60E00012976A /* Project object */;
}
